
Microsoft Visual Studio Solution File, Format Version 12.00
# Visual Studio Version 17
VisualStudioVersion = 17.14.36811.4
MinimumVisualStudioVersion = 10.0.40219.1
Project("{FAE04EC0-301F-11D3-BF4B-00C04F79EFBC}") = "ApiProjeKampi.WebApi", "ApiProjeKampi.WebApi\ApiProjeKampi.WebApi.csproj", "{3FD59A17-0B9C-4A78-BBCE-11B68274176E}"
EndProject
Project("{FAE04EC0-301F-11D3-BF4B-00C04F79EFBC}") = "ApiProjeKampi.WebUI", "ApiProjeKampi.WebUI\ApiProjeKampi.WebUI.csproj", "{93072CC7-37D4-4633-8375-C5D24A2087C5}"
EndProject
Global
	GlobalSection(SolutionConfigurationPlatforms) = preSolution
		Debug|Any CPU = Debug|Any CPU
		Release|Any CPU = Release|Any CPU
	EndGlobalSection
	GlobalSection(ProjectConfigurationPlatforms) = postSolution
		{3FD59A17-0B9C-4A78-BBCE-11B68274176E}.Debug|Any CPU.ActiveCfg = Debug|Any CPU
		{3FD59A17-0B9C-4A78-BBCE-11B68274176E}.Debug|Any CPU.Build.0 = Debug|Any CPU
		{3FD59A17-0B9C-4A78-BBCE-11B68274176E}.Release|Any CPU.ActiveCfg = Release|Any CPU
		{3FD59A17-0B9C-4A78-BBCE-11B68274176E}.Release|Any CPU.Build.0 = Release|Any CPU
		{93072CC7-37D4-4633-8375-C5D24A2087C5}.Debug|Any CPU.ActiveCfg = Debug|Any CPU
		{93072CC7-37D4-4633-8375-C5D24A2087C5}.Debug|Any CPU.Build.0 = Debug|Any CPU
		{93072CC7-37D4-4633-8375-C5D24A2087C5}.Release|Any CPU.ActiveCfg = Release|Any CPU
		{93072CC7-37D4-4633-8375-C5D24A2087C5}.Release|Any CPU.Build.0 = Release|Any CPU
	EndGlobalSection
	GlobalSection(SolutionProperties) = preSolution
		HideSolutionNode = FALSE
	EndGlobalSection
	GlobalSection(ExtensibilityGlobals) = postSolution
		SolutionGuid = {1B503765-BDC8-4ECC-A04E-F545055163FA}
	EndGlobalSection
EndGlobal
